
Microsoft Visual Studio Solution File, Format Version 12.00
# Visual Studio 14
VisualStudioVersion = 14.0.25420.1
MinimumVisualStudioVersion = 10.0.40219.1
Project("{FAE04EC0-301F-11D3-BF4B-00C04F79EFBC}") = "HENkaku.Droid", "HENkaku\HENkaku.Droid\HENkaku.Droid.csproj", "{1F7FD820-7ADA-48B5-A6A4-B432F4304DDD}"
EndProject
Project("{FAE04EC0-301F-11D3-BF4B-00C04F79EFBC}") = "HENkaku.iOS", "HENkaku\HENkaku.iOS\HENkaku.iOS.csproj", "{5D0F3C09-5A94-4F63-AF88-673129B4120D}"
EndProject
Project("{D954291E-2A0B-460D-934E-DC6B0785DB48}") = "HENkaku", "HENkaku\HENkaku\HENkaku.shproj", "{2CFFF083-D9BD-4353-8653-FD70E9AE6F1D}"
EndProject
Global
	GlobalSection(SharedMSBuildProjectFiles) = preSolution
		HENkaku\HENkaku\HENkaku.projitems*{1f7fd820-7ada-48b5-a6a4-b432f4304ddd}*SharedItemsImports = 4
		HENkaku\HENkaku\HENkaku.projitems*{2cfff083-d9bd-4353-8653-fd70e9ae6f1d}*SharedItemsImports = 13
		HENkaku\HENkaku\HENkaku.projitems*{5d0f3c09-5a94-4f63-af88-673129b4120d}*SharedItemsImports = 4
	EndGlobalSection
	GlobalSection(SolutionConfigurationPlatforms) = preSolution
		Ad-Hoc|Any CPU = Ad-Hoc|Any CPU
		Ad-Hoc|ARM = Ad-Hoc|ARM
		Ad-Hoc|iPhone = Ad-Hoc|iPhone
		Ad-Hoc|iPhoneSimulator = Ad-Hoc|iPhoneSimulator
		Ad-Hoc|x64 = Ad-Hoc|x64
		Ad-Hoc|x86 = Ad-Hoc|x86
		AppStore|Any CPU = AppStore|Any CPU
		AppStore|ARM = AppStore|ARM
		AppStore|iPhone = AppStore|iPhone
		AppStore|iPhoneSimulator = AppStore|iPhoneSimulator
		AppStore|x64 = AppStore|x64
		AppStore|x86 = AppStore|x86
		Debug|Any CPU = Debug|Any CPU
		Debug|ARM = Debug|ARM
		Debug|iPhone = Debug|iPhone
		Debug|iPhoneSimulator = Debug|iPhoneSimulator
		Debug|x64 = Debug|x64
		Debug|x86 = Debug|x86
		Release|Any CPU = Release|Any CPU
		Release|ARM = Release|ARM
		Release|iPhone = Release|iPhone
		Release|iPhoneSimulator = Release|iPhoneSimulator
		Release|x64 = Release|x64
		Release|x86 = Release|x86
	EndGlobalSection
	GlobalSection(ProjectConfigurationPlatforms) = postSolution
		{1F7FD820-7ADA-48B5-A6A4-B432F4304DDD}.Ad-Hoc|Any CPU.ActiveCfg = Release|Any CPU
		{1F7FD820-7ADA-48B5-A6A4-B432F4304DDD}.Ad-Hoc|Any CPU.Build.0 = Release|Any CPU
		{1F7FD820-7ADA-48B5-A6A4-B432F4304DDD}.Ad-Hoc|Any CPU.Deploy.0 = Release|Any CPU
		{1F7FD820-7ADA-48B5-A6A4-B432F4304DDD}.Ad-Hoc|ARM.ActiveCfg = Release|Any CPU
		{1F7FD820-7ADA-48B5-A6A4-B432F4304DDD}.Ad-Hoc|ARM.Build.0 = Release|Any CPU
		{1F7FD820-7ADA-48B5-A6A4-B432F4304DDD}.Ad-Hoc|ARM.Deploy.0 = Release|Any CPU
		{1F7FD820-7ADA-48B5-A6A4-B432F4304DDD}.Ad-Hoc|iPhone.ActiveCfg = Release|Any CPU
		{1F7FD820-7ADA-48B5-A6A4-B432F4304DDD}.Ad-Hoc|iPhone.Build.0 = Release|Any CPU
		{1F7FD820-7ADA-48B5-A6A4-B432F4304DDD}.Ad-Hoc|iPhone.Deploy.0 = Release|Any CPU
		{1F7FD820-7ADA-48B5-A6A4-B432F4304DDD}.Ad-Hoc|iPhoneSimulator.ActiveCfg = Release|Any CPU
		{1F7FD820-7ADA-48B5-A6A4-B432F4304DDD}.Ad-Hoc|iPhoneSimulator.Build.0 = Release|Any CPU
		{1F7FD820-7ADA-48B5-A6A4-B432F4304DDD}.Ad-Hoc|iPhoneSimulator.Deploy.0 = Release|Any CPU
		{1F7FD820-7ADA-48B5-A6A4-B432F4304DDD}.Ad-Hoc|x64.ActiveCfg = Release|Any CPU
		{1F7FD820-7ADA-48B5-A6A4-B432F4304DDD}.Ad-Hoc|x64.Build.0 = Release|Any CPU
		{1F7FD820-7ADA-48B5-A6A4-B432F4304DDD}.Ad-Hoc|x64.Deploy.0 = Release|Any CPU
		{1F7FD820-7ADA-48B5-A6A4-B432F4304DDD}.Ad-Hoc|x86.ActiveCfg = Release|Any CPU
		{1F7FD820-7ADA-48B5-A6A4-B432F4304DDD}.Ad-Hoc|x86.Build.0 = Release|Any CPU
		{1F7FD820-7ADA-48B5-A6A4-B432F4304DDD}.Ad-Hoc|x86.Deploy.0 = Release|Any CPU
		{1F7FD820-7ADA-48B5-A6A4-B432F4304DDD}.AppStore|Any CPU.ActiveCfg = Release|Any CPU
		{1F7FD820-7ADA-48B5-A6A4-B432F4304DDD}.AppStore|Any CPU.Build.0 = Release|Any CPU
		{1F7FD820-7ADA-48B5-A6A4-B432F4304DDD}.AppStore|Any CPU.Deploy.0 = Release|Any CPU
		{1F7FD820-7ADA-48B5-A6A4-B432F4304DDD}.AppStore|ARM.ActiveCfg = Release|Any CPU
		{1F7FD820-7ADA-48B5-A6A4-B432F4304DDD}.AppStore|ARM.Build.0 = Release|Any CPU
		{1F7FD820-7ADA-48B5-A6A4-B432F4304DDD}.AppStore|ARM.Deploy.0 = Release|Any CPU
		{1F7FD820-7ADA-48B5-A6A4-B432F4304DDD}.AppStore|iPhone.ActiveCfg = Release|Any CPU
		{1F7FD820-7ADA-48B5-A6A4-B432F4304DDD}.AppStore|iPhone.Build.0 = Release|Any CPU
		{1F7FD820-7ADA-48B5-A6A4-B432F4304DDD}.AppStore|iPhone.Deploy.0 = Release|Any CPU
		{1F7FD820-7ADA-48B5-A6A4-B432F4304DDD}.AppStore|iPhoneSimulator.ActiveCfg = Release|Any CPU
		{1F7FD820-7ADA-48B5-A6A4-B432F4304DDD}.AppStore|iPhoneSimulator.Build.0 = Release|Any CPU
		{1F7FD820-7ADA-48B5-A6A4-B432F4304DDD}.AppStore|iPhoneSimulator.Deploy.0 = Release|Any CPU
		{1F7FD820-7ADA-48B5-A6A4-B432F4304DDD}.AppStore|x64.ActiveCfg = Release|Any CPU
		{1F7FD820-7ADA-48B5-A6A4-B432F4304DDD}.AppStore|x64.Build.0 = Release|Any CPU
		{1F7FD820-7ADA-48B5-A6A4-B432F4304DDD}.AppStore|x64.Deploy.0 = Release|Any CPU
		{1F7FD820-7ADA-48B5-A6A4-B432F4304DDD}.AppStore|x86.ActiveCfg = Release|Any CPU
		{1F7FD820-7ADA-48B5-A6A4-B432F4304DDD}.AppStore|x86.Build.0 = Release|Any CPU
		{1F7FD820-7ADA-48B5-A6A4-B432F4304DDD}.AppStore|x86.Deploy.0 = Release|Any CPU
		{1F7FD820-7ADA-48B5-A6A4-B432F4304DDD}.Debug|Any CPU.ActiveCfg = Debug|Any CPU
		{1F7FD820-7ADA-48B5-A6A4-B432F4304DDD}.Debug|Any CPU.Build.0 = Debug|Any CPU
		{1F7FD820-7ADA-48B5-A6A4-B432F4304DDD}.Debug|Any CPU.Deploy.0 = Debug|Any CPU
		{1F7FD820-7ADA-48B5-A6A4-B432F4304DDD}.Debug|ARM.ActiveCfg = Debug|Any CPU
		{1F7FD820-7ADA-48B5-A6A4-B432F4304DDD}.Debug|ARM.Build.0 = Debug|Any CPU
		{1F7FD820-7ADA-48B5-A6A4-B432F4304DDD}.Debug|ARM.Deploy.0 = Debug|Any CPU
		{1F7FD820-7ADA-48B5-A6A4-B432F4304DDD}.Debug|iPhone.ActiveCfg = Debug|Any CPU
		{1F7FD820-7ADA-48B5-A6A4-B432F4304DDD}.Debug|iPhone.Build.0 = Debug|Any CPU
		{1F7FD820-7ADA-48B5-A6A4-B432F4304DDD}.Debug|iPhone.Deploy.0 = Debug|Any CPU
		{1F7FD820-7ADA-48B5-A6A4-B432F4304DDD}.Debug|iPhoneSimulator.ActiveCfg = Debug|Any CPU
		{1F7FD820-7ADA-48B5-A6A4-B432F4304DDD}.Debug|iPhoneSimulator.Build.0 = Debug|Any CPU
		{1F7FD820-7ADA-48B5-A6A4-B432F4304DDD}.Debug|iPhoneSimulator.Deploy.0 = Debug|Any CPU
		{1F7FD820-7ADA-48B5-A6A4-B432F4304DDD}.Debug|x64.ActiveCfg = Debug|Any CPU
		{1F7FD820-7ADA-48B5-A6A4-B432F4304DDD}.Debug|x64.Build.0 = Debug|Any CPU
		{1F7FD820-7ADA-48B5-A6A4-B432F4304DDD}.Debug|x64.Deploy.0 = Debug|Any CPU
		{1F7FD820-7ADA-48B5-A6A4-B432F4304DDD}.Debug|x86.ActiveCfg = Debug|Any CPU
		{1F7FD820-7ADA-48B5-A6A4-B432F4304DDD}.Debug|x86.Build.0 = Debug|Any CPU
		{1F7FD820-7ADA-48B5-A6A4-B432F4304DDD}.Debug|x86.Deploy.0 = Debug|Any CPU
		{1F7FD820-7ADA-48B5-A6A4-B432F4304DDD}.Release|Any CPU.ActiveCfg = Release|Any CPU
		{1F7FD820-7ADA-48B5-A6A4-B432F4304DDD}.Release|Any CPU.Build.0 = Release|Any CPU
		{1F7FD820-7ADA-48B5-A6A4-B432F4304DDD}.Release|Any CPU.Deploy.0 = Release|Any CPU
		{1F7FD820-7ADA-48B5-A6A4-B432F4304DDD}.Release|ARM.ActiveCfg = Release|Any CPU
		{1F7FD820-7ADA-48B5-A6A4-B432F4304DDD}.Release|ARM.Build.0 = Release|Any CPU
		{1F7FD820-7ADA-48B5-A6A4-B432F4304DDD}.Release|ARM.Deploy.0 = Release|Any CPU
		{1F7FD820-7ADA-48B5-A6A4-B432F4304DDD}.Release|iPhone.ActiveCfg = Release|Any CPU
		{1F7FD820-7ADA-48B5-A6A4-B432F4304DDD}.Release|iPhone.Build.0 = Release|Any CPU
		{1F7FD820-7ADA-48B5-A6A4-B432F4304DDD}.Release|iPhone.Deploy.0 = Release|Any CPU
		{1F7FD820-7ADA-48B5-A6A4-B432F4304DDD}.Release|iPhoneSimulator.ActiveCfg = Release|Any CPU
		{1F7FD820-7ADA-48B5-A6A4-B432F4304DDD}.Release|iPhoneSimulator.Build.0 = Release|Any CPU
		{1F7FD820-7ADA-48B5-A6A4-B432F4304DDD}.Release|iPhoneSimulator.Deploy.0 = Release|Any CPU
		{1F7FD820-7ADA-48B5-A6A4-B432F4304DDD}.Release|x64.ActiveCfg = Release|Any CPU
		{1F7FD820-7ADA-48B5-A6A4-B432F4304DDD}.Release|x64.Build.0 = Release|Any CPU
		{1F7FD820-7ADA-48B5-A6A4-B432F4304DDD}.Release|x64.Deploy.0 = Release|Any CPU
		{1F7FD820-7ADA-48B5-A6A4-B432F4304DDD}.Release|x86.ActiveCfg = Release|Any CPU
		{1F7FD820-7ADA-48B5-A6A4-B432F4304DDD}.Release|x86.Build.0 = Release|Any CPU
		{1F7FD820-7ADA-48B5-A6A4-B432F4304DDD}.Release|x86.Deploy.0 = Release|Any CPU
		{5D0F3C09-5A94-4F63-AF88-673129B4120D}.Ad-Hoc|Any CPU.ActiveCfg = Ad-Hoc|iPhone
		{5D0F3C09-5A94-4F63-AF88-673129B4120D}.Ad-Hoc|ARM.ActiveCfg = Ad-Hoc|iPhone
		{5D0F3C09-5A94-4F63-AF88-673129B4120D}.Ad-Hoc|iPhone.ActiveCfg = Ad-Hoc|iPhone
		{5D0F3C09-5A94-4F63-AF88-673129B4120D}.Ad-Hoc|iPhone.Build.0 = Ad-Hoc|iPhone
		{5D0F3C09-5A94-4F63-AF88-673129B4120D}.Ad-Hoc|iPhoneSimulator.ActiveCfg = Ad-Hoc|iPhoneSimulator
		{5D0F3C09-5A94-4F63-AF88-673129B4120D}.Ad-Hoc|iPhoneSimulator.Build.0 = Ad-Hoc|iPhoneSimulator
		{5D0F3C09-5A94-4F63-AF88-673129B4120D}.Ad-Hoc|x64.ActiveCfg = Ad-Hoc|iPhone
		{5D0F3C09-5A94-4F63-AF88-673129B4120D}.Ad-Hoc|x86.ActiveCfg = Ad-Hoc|iPhone
		{5D0F3C09-5A94-4F63-AF88-673129B4120D}.AppStore|Any CPU.ActiveCfg = AppStore|iPhone
		{5D0F3C09-5A94-4F63-AF88-673129B4120D}.AppStore|ARM.ActiveCfg = AppStore|iPhone
		{5D0F3C09-5A94-4F63-AF88-673129B4120D}.AppStore|iPhone.ActiveCfg = AppStore|iPhone
		{5D0F3C09-5A94-4F63-AF88-673129B4120D}.AppStore|iPhone.Build.0 = AppStore|iPhone
		{5D0F3C09-5A94-4F63-AF88-673129B4120D}.AppStore|iPhoneSimulator.ActiveCfg = AppStore|iPhoneSimulator
		{5D0F3C09-5A94-4F63-AF88-673129B4120D}.AppStore|iPhoneSimulator.Build.0 = AppStore|iPhoneSimulator
		{5D0F3C09-5A94-4F63-AF88-673129B4120D}.AppStore|x64.ActiveCfg = AppStore|iPhone
		{5D0F3C09-5A94-4F63-AF88-673129B4120D}.AppStore|x86.ActiveCfg = AppStore|iPhone
		{5D0F3C09-5A94-4F63-AF88-673129B4120D}.Debug|Any CPU.ActiveCfg = Debug|iPhone
		{5D0F3C09-5A94-4F63-AF88-673129B4120D}.Debug|ARM.ActiveCfg = Debug|iPhone
		{5D0F3C09-5A94-4F63-AF88-673129B4120D}.Debug|iPhone.ActiveCfg = Debug|iPhone
		{5D0F3C09-5A94-4F63-AF88-673129B4120D}.Debug|iPhone.Build.0 = Debug|iPhone
		{5D0F3C09-5A94-4F63-AF88-673129B4120D}.Debug|iPhoneSimulator.ActiveCfg = Debug|iPhoneSimulator
		{5D0F3C09-5A94-4F63-AF88-673129B4120D}.Debug|iPhoneSimulator.Build.0 = Debug|iPhoneSimulator
		{5D0F3C09-5A94-4F63-AF88-673129B4120D}.Debug|x64.ActiveCfg = Debug|iPhone
		{5D0F3C09-5A94-4F63-AF88-673129B4120D}.Debug|x86.ActiveCfg = Debug|iPhone
		{5D0F3C09-5A94-4F63-AF88-673129B4120D}.Release|Any CPU.ActiveCfg = Release|iPhone
		{5D0F3C09-5A94-4F63-AF88-673129B4120D}.Release|ARM.ActiveCfg = Release|iPhone
		{5D0F3C09-5A94-4F63-AF88-673129B4120D}.Release|iPhone.ActiveCfg = Release|iPhone
		{5D0F3C09-5A94-4F63-AF88-673129B4120D}.Release|iPhone.Build.0 = Release|iPhone
		{5D0F3C09-5A94-4F63-AF88-673129B4120D}.Release|iPhoneSimulator.ActiveCfg = Release|iPhoneSimulator
		{5D0F3C09-5A94-4F63-AF88-673129B4120D}.Release|iPhoneSimulator.Build.0 = Release|iPhoneSimulator
		{5D0F3C09-5A94-4F63-AF88-673129B4120D}.Release|x64.ActiveCfg = Release|iPhone
		{5D0F3C09-5A94-4F63-AF88-673129B4120D}.Release|x86.ActiveCfg = Release|iPhone
	EndGlobalSection
	GlobalSection(SolutionProperties) = preSolution
		HideSolutionNode = FALSE
	EndGlobalSection
EndGlobal
